Microsoft Visual Studio Solution File, Format Version 12.00
# Visual Studio Version 17
VisualStudioVersion = 17.2.32505.173
MinimumVisualStudioVersion = 10.0.40219.1
Project("{2150E333-8FDC-42A3-9474-1A3956D46DE8}") = "Solution Items", "Solution Items", "{20F57A1F-AF70-401A-94F7-A2F940271F7D}"
	ProjectSection(SolutionItems) = preProject
		.runsettings = .runsettings
		NuGet.Config = NuGet.Config
		README.md = README.md
		version.json = version.json
	EndProjectSection
EndProject
Project("{11A8DD76-328B-46DF-9F39-F559912D0360}") = "nanoFramework.Hardware.Esp32.Rmt", "nanoFramework.Hardware.Esp32.Rmt\nanoFramework.Hardware.Esp32.Rmt.nfproj", "{D8B1966C-881F-48AB-A821-7B1F83303259}"
EndProject
Project("{11A8DD76-328B-46DF-9F39-F559912D0360}") = "nanoFramework.Hardware.Esp32.Rmt.UnitTests", "nanoFramework.Hardware.Esp32.Rmt.UnitTests\nanoFramework.Hardware.Esp32.Rmt.UnitTests.nfproj", "{C91D222A-AF5B-4BA2-B4D6-F4999031AAF9}"
EndProject
Project("{11A8DD76-328B-46DF-9F39-F559912D0360}") = "nanoFramework.Hardware.Esp32.Rmt.Benchmarks", "nanoFramework.Hardware.Esp32.Rmt.Benchmarks\nanoFramework.Hardware.Esp32.Rmt.Benchmarks.nfproj", "{7C2BC423-F2D8-41DC-A5AF-90CFD014CA07}"
EndProject
Global
	GlobalSection(SolutionConfigurationPlatforms) = preSolution
		Debug|Any CPU = Debug|Any CPU
		Release|Any CPU = Release|Any CPU
	EndGlobalSection
	GlobalSection(ProjectConfigurationPlatforms) = postSolution
		{D8B1966C-881F-48AB-A821-7B1F83303259}.Debug|Any CPU.ActiveCfg = Debug|Any CPU
		{D8B1966C-881F-48AB-A821-7B1F83303259}.Debug|Any CPU.Build.0 = Debug|Any CPU
		{D8B1966C-881F-48AB-A821-7B1F83303259}.Debug|Any CPU.Deploy.0 = Debug|Any CPU
		{D8B1966C-881F-48AB-A821-7B1F83303259}.Release|Any CPU.ActiveCfg = Release|Any CPU
		{D8B1966C-881F-48AB-A821-7B1F83303259}.Release|Any CPU.Build.0 = Release|Any CPU
		{D8B1966C-881F-48AB-A821-7B1F83303259}.Release|Any CPU.Deploy.0 = Release|Any CPU
		{C91D222A-AF5B-4BA2-B4D6-F4999031AAF9}.Debug|Any CPU.ActiveCfg = Debug|Any CPU
		{C91D222A-AF5B-4BA2-B4D6-F4999031AAF9}.Debug|Any CPU.Build.0 = Debug|Any CPU
		{C91D222A-AF5B-4BA2-B4D6-F4999031AAF9}.Debug|Any CPU.Deploy.0 = Debug|Any CPU
		{C91D222A-AF5B-4BA2-B4D6-F4999031AAF9}.Release|Any CPU.ActiveCfg = Release|Any CPU
		{C91D222A-AF5B-4BA2-B4D6-F4999031AAF9}.Release|Any CPU.Build.0 = Release|Any CPU
		{C91D222A-AF5B-4BA2-B4D6-F4999031AAF9}.Release|Any CPU.Deploy.0 = Release|Any CPU
		{7C2BC423-F2D8-41DC-A5AF-90CFD014CA07}.Debug|Any CPU.ActiveCfg = Debug|Any CPU
		{7C2BC423-F2D8-41DC-A5AF-90CFD014CA07}.Debug|Any CPU.Build.0 = Debug|Any CPU
		{7C2BC423-F2D8-41DC-A5AF-90CFD014CA07}.Debug|Any CPU.Deploy.0 = Debug|Any CPU
		{7C2BC423-F2D8-41DC-A5AF-90CFD014CA07}.Release|Any CPU.ActiveCfg = Release|Any CPU
		{7C2BC423-F2D8-41DC-A5AF-90CFD014CA07}.Release|Any CPU.Build.0 = Release|Any CPU
		{7C2BC423-F2D8-41DC-A5AF-90CFD014CA07}.Release|Any CPU.Deploy.0 = Release|Any CPU
	EndGlobalSection
	GlobalSection(SolutionProperties) = preSolution
		HideSolutionNode = FALSE
	EndGlobalSection
	GlobalSection(ExtensibilityGlobals) = postSolution
		SolutionGuid = {749CA9BD-EE40-44A4-BFBA-54C2B1FF35FE}
	EndGlobalSection
EndGlobal
