{
  "version": 1,
  "dependencies": {
    ".NETnanoFramework,Version=v1.0": {
      "nanoFramework.Benchmark": {
        "type": "Direct",
        "requested": "[1.0.113, 1.0.113]",
        "resolved": "1.0.113",
        "contentHash": "RzyI2ZhBrnHHfTclGRv0zl92ueEEVqCgsfAEZ1WHElJdAfHCfJIHOQiHQha5IBJ0ttsLIEiy51fyBeDZpgLJCw=="
      },
      "nanoFramework.CoreLibrary": {
        "type": "Direct",
        "requested": "[2.0.0-preview.39, 2.0.0-preview.39]",
        "resolved": "2.0.0-preview.39",
        "contentHash": "rkXOwaEq6GIm+dKZ7ICMrG23mln482vRXyDtaNfAeBpgGcgiuFJrbw7w0TTZ2DNhw1CUWlCWZZbXi6+/NHdpLg=="
      },
      "nanoFramework.Logging": {
        "type": "Direct",
        "requested": "[2.0.0-preview.4, 2.0.0-preview.4]",
        "resolved": "2.0.0-preview.4",
        "contentHash": "3bjZDPmB5eay+/I5G9c5ADOUyIJcR9+y8bn5fl3Y0Y1Ob5lNhiWJ7Qy5QZGZp1mtGAIMjq838GRxXxMRca8vsg=="
      },
      "nanoFramework.Runtime.Native": {
        "type": "Direct",
        "requested": "[2.0.0-preview.20, 2.0.0-preview.20]",
        "resolved": "2.0.0-preview.20",
        "contentHash": "TwNeWN8eYZ0qtMkQ5UPPaYsq6l963SUBSKerOgoWE13DEk3drQPZqF+uI7VuWLmvoSFgQ4FYiwDFpexC1p8m3A=="
      },
      "nanoFramework.System.Collections": {
        "type": "Direct",
        "requested": "[2.0.0-preview.11, 2.0.0-preview.11]",
        "resolved": "2.0.0-preview.11",
        "contentHash": "NVpAXchds3s2Y8BSKj1TBeo0D1IF/bGYP4AUBphW8UeOIa1uF2a1tST8pCgv1w2NdgvHcO306rzRP33XNS5YMw=="
      },
      "nanoFramework.System.Diagnostics.Stopwatch": {
        "type": "Direct",
        "requested": "[2.0.0-preview.29, 2.0.0-preview.29]",
        "resolved": "2.0.0-preview.29",
        "contentHash": "xrfbnOMII95UhZWuRWnWct9qizrk6G82pN7HGi/h5AzdVPU8KebbqgMtH168DJmfVDgFVrZz5loA4cN3r0lnqg=="
      },
      "nanoFramework.System.Text": {
        "type": "Direct",
        "requested": "[2.0.0-preview.13, 2.0.0-preview.13]",
        "resolved": "2.0.0-preview.13",
        "contentHash": "kTEKvplebAWeA7j4jb9adST6dxH28Q6c99+Jms6p8cMFxlrUoWhL/GdEiPaPnJSVy1XtsgIfh38WbR757qF8yw=="
      }
    }
  }
}