{
  "version": 1,
  "dependencies": {
    ".NETnanoFramework,Version=v1.0": {
      "nanoFramework.Benchmark": {
        "type": "Direct",
        "requested": "[1.0.113, 1.0.113]",
        "resolved": "1.0.113",
        "contentHash": "RzyI2ZhBrnHHfTclGRv0zl92ueEEVqCgsfAEZ1WHElJdAfHCfJIHOQiHQha5IBJ0ttsLIEiy51fyBeDZpgLJCw=="
      },
      "nanoFramework.CoreLibrary": {
        "type": "Direct",
        "requested": "[2.0.0-preview.32, 2.0.0-preview.32]",
        "resolved": "2.0.0-preview.32",
        "contentHash": "DZ0CI92bJCTQ+2pGJiRxcqYEzmjMppg2elFZEZCGB6kUPjUoGV8o+NnFb5bn2X0Nl+b+8Wq5BLzGBbn8C05oKQ=="
      },
      "nanoFramework.Logging": {
        "type": "Direct",
        "requested": "[1.1.161, 1.1.161]",
        "resolved": "1.1.161",
        "contentHash": "ASEnCqp/WL+0EPyTYAUUdBSX6g1GkqewPOrTCLq9iZicf9+DFDzd+fpzrfinWd3YqSQ+eb16QzReARm1V0EfNw=="
      },
      "nanoFramework.Runtime.Native": {
        "type": "Direct",
        "requested": "[2.0.0-preview.17, 2.0.0-preview.17]",
        "resolved": "2.0.0-preview.17",
        "contentHash": "XkGNYxteY3hXDrKrMuWWejSgWUS4qgkKz+Gc6a8IFgInNuVdaPsdl2cHyCwnHQzzUp454GBZKzvq+YayUGws4A=="
      },
      "nanoFramework.System.Collections": {
        "type": "Direct",
        "requested": "[2.0.0-preview.5, 2.0.0-preview.5]",
        "resolved": "2.0.0-preview.5",
        "contentHash": "Ll+n1CU45UYpIkbEppTRRke4VGmNbq0qBmPwtRGsJbqXNi/jYG+t2huTIinpHQXF2r0nhKUY3BLrEX9ZYNK7Sw=="
      },
      "nanoFramework.System.Diagnostics.Stopwatch": {
        "type": "Direct",
        "requested": "[1.2.862, 1.2.862]",
        "resolved": "1.2.862",
        "contentHash": "auNXXoJYOJ7mAxPvMPhbxFbDCtfKF/wSdsoBEQiRd8NaQWmLg12JL6YbNiKiNs+fBlxAL6duUorBdhSyPCdayg=="
      },
      "nanoFramework.System.Text": {
        "type": "Direct",
        "requested": "[2.0.0-preview.5, 2.0.0-preview.5]",
        "resolved": "2.0.0-preview.5",
        "contentHash": "bSok7uDsUnic+RmoYo660XNlQhD631CrpIDUweiJtjuOtsNmwV4bwV28Xs0gpYF4xidYKUEk3nxt5lXU6ekATw=="
      }
    }
  }
}